// !$*UTF8*$!
{
	archiveVersion = 1;
	classes = {
	};
	objectVersion = 48;
	objects = {

/* Begin PBXBuildFile section */
		DEF474522148AA38006248D3 /* AppDelegate.swift in Sources */ = {isa = PBXBuildFile; fileRef = DEF474512148AA38006248D3 /* AppDelegate.swift */; };
		DEF474542148AA38006248D3 /* ViewController.swift in Sources */ = {isa = PBXBuildFile; fileRef = DEF474532148AA38006248D3 /* ViewController.swift */; };
		DEF474572148AA38006248D3 /* Main.storyboard in Resources */ = {isa = PBXBuildFile; fileRef = DEF474552148AA38006248D3 /* Main.storyboard */; };
		DEF474592148AA38006248D3 /* Assets.xcassets in Resources */ = {isa = PBXBuildFile; fileRef = DEF474582148AA38006248D3 /* Assets.xcassets */; };
		DEF4745C2148AA38006248D3 /* LaunchScreen.storyboard in Resources */ = {isa = PBXBuildFile; fileRef = DEF4745A2148AA38006248D3 /* LaunchScreen.storyboard */; };
		DEF4746421582B25006248D3 /* DetailViewController.swift in Sources */ = {isa = PBXBuildFile; fileRef = DEF4746321582B25006248D3 /* DetailViewController.swift */; };
		DEF474662158382B006248D3 /* DetailTableViewCell.swift in Sources */ = {isa = PBXBuildFile; fileRef = DEF474652158382B006248D3 /* DetailTableViewCell.swift */; };
/* End PBXBuildFile section */

/* Begin PBXFileReference section */
		DEF4744E2148AA38006248D3 /* ShopifyChallengeWinter2019.app */ = {isa = PBXFileReference; explicitFileType = wrapper.application; includeInIndex = 0; path = ShopifyChallengeWinter2019.app; sourceTree = BUILT_PRODUCTS_DIR; };
		DEF474512148AA38006248D3 /* AppDelegate.swift */ = {isa = PBXFileReference; lastKnownFileType = sourcecode.swift; path = AppDelegate.swift; sourceTree = "<group>"; };
		DEF474532148AA38006248D3 /* ViewController.swift */ = {isa = PBXFileReference; lastKnownFileType = sourcecode.swift; path = ViewController.swift; sourceTree = "<group>"; };
		DEF474562148AA38006248D3 /* Base */ = {isa = PBXFileReference; lastKnownFileType = file.storyboard; name = Base; path = Base.lproj/Main.storyboard; sourceTree = "<group>"; };
		DEF474582148AA38006248D3 /* Assets.xcassets */ = {isa = PBXFileReference; lastKnownFileType = folder.assetcatalog; path = Assets.xcassets; sourceTree = "<group>"; };
		DEF4745B2148AA38006248D3 /* Base */ = {isa = PBXFileReference; lastKnownFileType = file.storyboard; name = Base; path = Base.lproj/LaunchScreen.storyboard; sourceTree = "<group>"; };
		DEF4745D2148AA38006248D3 /* Info.plist */ = {isa = PBXFileReference; lastKnownFileType = text.plist.xml; path = Info.plist; sourceTree = "<group>"; };
		DEF4746321582B25006248D3 /* DetailViewController.swift */ = {isa = PBXFileReference; lastKnownFileType = sourcecode.swift; path = DetailViewController.swift; sourceTree = "<group>"; };
		DEF474652158382B006248D3 /* DetailTableViewCell.swift */ = {isa = PBXFileReference; lastKnownFileType = sourcecode.swift; path = DetailTableViewCell.swift; sourceTree = "<group>"; };
/* End PBXFileReference section */

/* Begin PBXFrameworksBuildPhase section */
		DEF4744B2148AA38006248D3 /* Frameworks */ = {
			isa = PBXFrameworksBuildPhase;
			buildActionMask = 2147483647;
			files = (
			);
			runOnlyForDeploymentPostprocessing = 0;
		};
/* End PBXFrameworksBuildPhase section */

/* Begin PBXGroup section */
		DEF474452148AA38006248D3 = {
			isa = PBXGroup;
			children = (
				DEF474502148AA38006248D3 /* ShopifyChallengeWinter2019 */,
				DEF4744F2148AA38006248D3 /* Products */,
			);
			sourceTree = "<group>";
		};
		DEF4744F2148AA38006248D3 /* Products */ = {
			isa = PBXGroup;
			children = (
				DEF4744E2148AA38006248D3 /* ShopifyChallengeWinter2019.app */,
			);
			name = Products;
			sourceTree = "<group>";
		};
		DEF474502148AA38006248D3 /* ShopifyChallengeWinter2019 */ = {
			isa = PBXGroup;
			children = (
				DEF474512148AA38006248D3 /* AppDelegate.swift */,
				DEF474532148AA38006248D3 /* ViewController.swift */,
				DEF4746321582B25006248D3 /* DetailViewController.swift */,
				DEF474652158382B006248D3 /* DetailTableViewCell.swift */,
				DEF474552148AA38006248D3 /* Main.storyboard */,
				DEF474582148AA38006248D3 /* Assets.xcassets */,
				DEF4745A2148AA38006248D3 /* LaunchScreen.storyboard */,
				DEF4745D2148AA38006248D3 /* Info.plist */,
			);
			path = ShopifyChallengeWinter2019;
			sourceTree = "<group>";
		};
/* End PBXGroup section */

/* Begin PBXNativeTarget section */
		DEF4744D2148AA38006248D3 /* ShopifyChallengeWinter2019 */ = {
			isa = PBXNativeTarget;
			buildConfigurationList = DEF474602148AA38006248D3 /* Build configuration list for PBXNativeTarget "ShopifyChallengeWinter2019" */;
			buildPhases = (
				DEF4744A2148AA38006248D3 /* Sources */,
				DEF4744B2148AA38006248D3 /* Frameworks */,
				DEF4744C2148AA38006248D3 /* Resources */,
			);
			buildRules = (
			);
			dependencies = (
			);
			name = ShopifyChallengeWinter2019;
			productName = ShopifyChallengeWinter2019;
			productReference = DEF4744E2148AA38006248D3 /* ShopifyChallengeWinter2019.app */;
			productType = "com.apple.product-type.application";
		};
/* End PBXNativeTarget section */

/* Begin PBXProject section */
		DEF474462148AA38006248D3 /* Project object */ = {
			isa = PBXProject;
			attributes = {
				LastSwiftUpdateCheck = 0920;
				LastUpgradeCheck = 0920;
				ORGANIZATIONNAME = "Jack Carter";
				TargetAttributes = {
					DEF4744D2148AA38006248D3 = {
						CreatedOnToolsVersion = 9.2;
						ProvisioningStyle = Automatic;
					};
				};
			};
			buildConfigurationList = DEF474492148AA38006248D3 /* Build configuration list for PBXProject "ShopifyChallengeWinter2019" */;
			compatibilityVersion = "Xcode 8.0";
			developmentRegion = en;
			hasScannedForEncodings = 0;
			knownRegions = (
				en,
				Base,
			);
			mainGroup = DEF474452148AA38006248D3;
			productRefGroup = DEF4744F2148AA38006248D3 /* Products */;
			projectDirPath = "";
			projectRoot = "";
			targets = (
				DEF4744D2148AA38006248D3 /* ShopifyChallengeWinter2019 */,
			);
		};
/* End PBXProject section */

/* Begin PBXResourcesBuildPhase section */
		DEF4744C2148AA38006248D3 /* Resources */ = {
			isa = PBXResourcesBuildPhase;
			buildActionMask = 2147483647;
			files = (
				DEF4745C2148AA38006248D3 /* LaunchScreen.storyboard in Resources */,
				DEF474592148AA38006248D3 /* Assets.xcassets in Resources */,
				DEF474572148AA38006248D3 /* Main.storyboard in Resources */,
			);
			runOnlyForDeploymentPostprocessing = 0;
		};
/* End PBXResourcesBuildPhase section */

/* Begin PBXSourcesBuildPhase section */
		DEF4744A2148AA38006248D3 /* Sources */ = {
			isa = PBXSourcesBuildPhase;
			buildActionMask = 2147483647;
			files = (
				DEF4746421582B25006248D3 /* DetailViewController.swift in Sources */,
				DEF474542148AA38006248D3 /* ViewController.swift in Sources */,
				DEF474662158382B006248D3 /* DetailTableViewCell.swift in Sources */,
				DEF474522148AA38006248D3 /* AppDelegate.swift in Sources */,
			);
			runOnlyForDeploymentPostprocessing = 0;
		};
/* End PBXSourcesBuildPhase section */

/* Begin PBXVariantGroup section */
		DEF474552148AA38006248D3 /* Main.storyboard */ = {
			isa = PBXVariantGroup;
			children = (
				DEF474562148AA38006248D3 /* Base */,
			);
			name = Main.storyboard;
			sourceTree = "<group>";
		};
		DEF4745A2148AA38006248D3 /* LaunchScreen.storyboard */ = {
			isa = PBXVariantGroup;
			children = (
				DEF4745B2148AA38006248D3 /* Base */,
			);
			name = LaunchScreen.storyboard;
			sourceTree = "<group>";
		};
/* End PBXVariantGroup section */

/* Begin XCBuildConfiguration section */
		DEF4745E2148AA38006248D3 /* Debug */ = {
			isa = XCBuildConfiguration;
			buildSettings = {
				ALWAYS_SEARCH_USER_PATHS = NO;
				CLANG_ANALYZER_NONNULL = YES;
				CLANG_ANALYZER_NUMBER_OBJECT_CONVERSION = YES_AGGRESSIVE;
				CLANG_CXX_LANGUAGE_STANDARD = "gnu++14";
				CLANG_CXX_LIBRARY = "libc++";
				CLANG_ENABLE_MODULES = YES;
				CLANG_ENABLE_OBJC_ARC = YES;
				CLANG_WARN_BLOCK_CAPTURE_AUTORELEASING = YES;
				CLANG_WARN_BOOL_CONVERSION = YES;
				CLANG_WARN_COMMA = YES;
				CLANG_WARN_CONSTANT_CONVERSION = YES;
				CLANG_WARN_DIRECT_OBJC_ISA_USAGE = YES_ERROR;
				CLANG_WARN_DOCUMENTATION_COMMENTS = YES;
				CLANG_WARN_EMPTY_BODY = YES;
				CLANG_WARN_ENUM_CONVERSION = YES;
				CLANG_WARN_INFINITE_RECURSION = YES;
				CLANG_WARN_INT_CONVERSION = YES;
				CLANG_WARN_NON_LITERAL_NULL_CONVERSION = YES;
				CLANG_WARN_OBJC_LITERAL_CONVERSION = YES;
				CLANG_WARN_OBJC_ROOT_CLASS = YES_ERROR;
				CLANG_WARN_RANGE_LOOP_ANALYSIS = YES;
				CLANG_WARN_STRICT_PROTOTYPES = YES;
				CLANG_WARN_SUSPICIOUS_MOVE = YES;
				CLANG_WARN_UNGUARDED_AVAILABILITY = YES_AGGRESSIVE;
				CLANG_WARN_UNREACHABLE_CODE = YES;
				CLANG_WARN__DUPLICATE_METHOD_MATCH = YES;
				CODE_SIGN_IDENTITY = "iPhone Developer";
				COPY_PHASE_STRIP = NO;
				DEBUG_INFORMATION_FORMAT = dwarf;
				ENABLE_STRICT_OBJC_MSGSEND = YES;
				ENABLE_TESTABILITY = YES;
				GCC_C_LANGUAGE_STANDARD = gnu11;
				GCC_DYNAMIC_NO_PIC = NO;
				GCC_NO_COMMON_BLOCKS = YES;
				GCC_OPTIMIZATION_LEVEL = 0;
				GCC_PREPROCESSOR_DEFINITIONS = (
					"DEBUG=1",
					"$(inherited)",
				);
				GCC_WARN_64_TO_32_BIT_CONVERSION = YES;
				GCC_WARN_ABOUT_RETURN_TYPE = YES_ERROR;
				GCC_WARN_UNDECLARED_SELECTOR = YES;
				GCC_WARN_UNINITIALIZED_AUTOS = YES_AGGRESSIVE;
				GCC_WARN_UNUSED_FUNCTION = YES;
				GCC_WARN_UNUSED_VARIABLE = YES;
				IPHONEOS_DEPLOYMENT_TARGET = 11.2;
				MTL_ENABLE_DEBUG_INFO = YES;
				ONLY_ACTIVE_ARCH = YES;
				SDKROOT = iphoneos;
				SWIFT_ACTIVE_COMPILATION_CONDITIONS = DEBUG;
				SWIFT_OPTIMIZATION_LEVEL = "-Onone";
			};
			name = Debug;
		};
		DEF4745F2148AA38006248D3 /* Release */ = {
			isa = XCBuildConfiguration;
			buildSettings = {
				ALWAYS_SEARCH_USER_PATHS = NO;
				CLANG_ANALYZER_NONNULL = YES;
				CLANG_ANALYZER_NUMBER_OBJECT_CONVERSION = YES_AGGRESSIVE;
				CLANG_CXX_LANGUAGE_STANDARD = "gnu++14";
				CLANG_CXX_LIBRARY = "libc++";
				CLANG_ENABLE_MODULES = YES;
				CLANG_ENABLE_OBJC_ARC = YES;
				CLANG_WARN_BLOCK_CAPTURE_AUTORELEASING = YES;
				CLANG_WARN_BOOL_CONVERSION = YES;
				CLANG_WARN_COMMA = YES;
				CLANG_WARN_CONSTANT_CONVERSION = YES;
				CLANG_WARN_DIRECT_OBJC_ISA_USAGE = YES_ERROR;
				CLANG_WARN_DOCUMENTATION_COMMENTS = YES;
				CLANG_WARN_EMPTY_BODY = YES;
				CLANG_WARN_ENUM_CONVERSION = YES;
				CLANG_WARN_INFINITE_RECURSION = YES;
				CLANG_WARN_INT_CONVERSION = YES;
				CLANG_WARN_NON_LITERAL_NULL_CONVERSION = YES;
				CLANG_WARN_OBJC_LITERAL_CONVERSION = YES;
				CLANG_WARN_OBJC_ROOT_CLASS = YES_ERROR;
				CLANG_WARN_RANGE_LOOP_ANALYSIS = YES;
				CLANG_WARN_STRICT_PROTOTYPES = YES;
				CLANG_WARN_SUSPICIOUS_MOVE = YES;
				CLANG_WARN_UNGUARDED_AVAILABILITY = YES_AGGRESSIVE;
				CLANG_WARN_UNREACHABLE_CODE = YES;
				CLANG_WARN__DUPLICATE_METHOD_MATCH = YES;
				CODE_SIGN_IDENTITY = "iPhone Developer";
				COPY_PHASE_STRIP = NO;
				DEBUG_INFORMATION_FORMAT = "dwarf-with-dsym";
				ENABLE_NS_ASSERTIONS = NO;
				ENABLE_STRICT_OBJC_MSGSEND = YES;
				GCC_C_LANGUAGE_STANDARD = gnu11;
				GCC_NO_COMMON_BLOCKS = YES;
				GCC_WARN_64_TO_32_BIT_CONVERSION = YES;
				GCC_WARN_ABOUT_RETURN_TYPE = YES_ERROR;
				GCC_WARN_UNDECLARED_SELECTOR = YES;
				GCC_WARN_UNINITIALIZED_AUTOS = YES_AGGRESSIVE;
				GCC_WARN_UNUSED_FUNCTION = YES;
				GCC_WARN_UNUSED_VARIABLE = YES;
				IPHONEOS_DEPLOYMENT_TARGET = 11.2;
				MTL_ENABLE_DEBUG_INFO = NO;
				SDKROOT = iphoneos;
				SWIFT_OPTIMIZATION_LEVEL = "-Owholemodule";
				VALIDATE_PRODUCT = YES;
			};
			name = Release;
		};
		DEF474612148AA38006248D3 /* Debug */ = {
			isa = XCBuildConfiguration;
			buildSettings = {
				ASSETCATALOG_COMPILER_APPICON_NAME = AppIcon;
				CODE_SIGN_STYLE = Automatic;
				INFOPLIST_FILE = ShopifyChallengeWinter2019/Info.plist;
				LD_RUNPATH_SEARCH_PATHS = "$(inherited) @executable_path/Frameworks";
				PRODUCT_BUNDLE_IDENTIFIER = JackCarter.ShopifyChallengeWinter2019;
				PRODUCT_NAME = "$(TARGET_NAME)";
				SWIFT_VERSION = 4.0;
				TARGETED_DEVICE_FAMILY = "1,2";
			};
			name = Debug;
		};
		DEF474622148AA38006248D3 /* Release */ = {
			isa = XCBuildConfiguration;
			buildSettings = {
				ASSETCATALOG_COMPILER_APPICON_NAME = AppIcon;
				CODE_SIGN_STYLE = Automatic;
				INFOPLIST_FILE = ShopifyChallengeWinter2019/Info.plist;
				LD_RUNPATH_SEARCH_PATHS = "$(inherited) @executable_path/Frameworks";
				PRODUCT_BUNDLE_IDENTIFIER = JackCarter.ShopifyChallengeWinter2019;
				PRODUCT_NAME = "$(TARGET_NAME)";
				SWIFT_VERSION = 4.0;
				TARGETED_DEVICE_FAMILY = "1,2";
			};
			name = Release;
		};
/* End XCBuildConfiguration section */

/* Begin XCConfigurationList section */
		DEF474492148AA38006248D3 /* Build configuration list for PBXProject "ShopifyChallengeWinter2019" */ = {
			isa = XCConfigurationList;
			buildConfigurations = (
				DEF4745E2148AA38006248D3 /* Debug */,
				DEF4745F2148AA38006248D3 /* Release */,
			);
			defaultConfigurationIsVisible = 0;
			defaultConfigurationName = Release;
		};
		DEF474602148AA38006248D3 /* Build configuration list for PBXNativeTarget "ShopifyChallengeWinter2019" */ = {
			isa = XCConfigurationList;
			buildConfigurations = (
				DEF474612148AA38006248D3 /* Debug */,
				DEF474622148AA38006248D3 /* Release */,
			);
			defaultConfigurationIsVisible = 0;
			defaultConfigurationName = Release;
		};
/* End XCConfigurationList section */
	};
	rootObject = DEF474462148AA38006248D3 /* Project object */;
}
